
Microsoft Visual Studio Solution File, Format Version 12.00
# Visual Studio Version 16
VisualStudioVersion = 16.0.30320.27
MinimumVisualStudioVersion = 10.0.40219.1
Project("{9A19103F-16F7-4668-BE54-9A1E7A4F7556}") = "ApiTest", "ApiTest\ApiTest.csproj", "{1756DDC9-D071-4208-86C6-9B9D379EEAE2}"
EndProject
Project("{2150E333-8FDC-42A3-9474-1A3956D46DE8}") = "Solution Items", "Solution Items", "{7E847C4E-FDC2-4FA1-8126-7729B7DFA35B}"
EndProject
Project("{9A19103F-16F7-4668-BE54-9A1E7A4F7556}") = "Core", "Core\Core.csproj", "{51A62E58-15FF-4076-8AE6-497FA0CC1052}"
EndProject
Project("{9A19103F-16F7-4668-BE54-9A1E7A4F7556}") = "Infrastructure", "Infrastructure\Infrastructure.csproj", "{FB2E9F04-A4D2-4AEB-8A6E-100645593C07}"
EndProject
Project("{E24C65DC-7377-472B-9ABA-BC803B73C61A}") = "client", "client\", "{D714A53D-CD3D-4644-8633-0875FF8CD040}"
	ProjectSection(WebsiteProperties) = preProject
		TargetFrameworkMoniker = ".NETFramework,Version%3Dv4.0"
		Debug.AspNetCompiler.VirtualPath = "/localhost_25823"
		Debug.AspNetCompiler.PhysicalPath = "client\"
		Debug.AspNetCompiler.TargetPath = "PrecompiledWeb\localhost_25823\"
		Debug.AspNetCompiler.Updateable = "true"
		Debug.AspNetCompiler.ForceOverwrite = "true"
		Debug.AspNetCompiler.FixedNames = "false"
		Debug.AspNetCompiler.Debug = "True"
		Release.AspNetCompiler.VirtualPath = "/localhost_25823"
		Release.AspNetCompiler.PhysicalPath = "client\"
		Release.AspNetCompiler.TargetPath = "PrecompiledWeb\localhost_25823\"
		Release.AspNetCompiler.Updateable = "true"
		Release.AspNetCompiler.ForceOverwrite = "true"
		Release.AspNetCompiler.FixedNames = "false"
		Release.AspNetCompiler.Debug = "False"
		VWDPort = "25823"
		SlnRelativePath = "client\"
	EndProjectSection
EndProject
Global
	GlobalSection(SolutionConfigurationPlatforms) = preSolution
		Debug|Any CPU = Debug|Any CPU
		Release|Any CPU = Release|Any CPU
	EndGlobalSection
	GlobalSection(ProjectConfigurationPlatforms) = postSolution
		{1756DDC9-D071-4208-86C6-9B9D379EEAE2}.Debug|Any CPU.ActiveCfg = Debug|Any CPU
		{1756DDC9-D071-4208-86C6-9B9D379EEAE2}.Debug|Any CPU.Build.0 = Debug|Any CPU
		{1756DDC9-D071-4208-86C6-9B9D379EEAE2}.Release|Any CPU.ActiveCfg = Release|Any CPU
		{1756DDC9-D071-4208-86C6-9B9D379EEAE2}.Release|Any CPU.Build.0 = Release|Any CPU
		{51A62E58-15FF-4076-8AE6-497FA0CC1052}.Debug|Any CPU.ActiveCfg = Debug|Any CPU
		{51A62E58-15FF-4076-8AE6-497FA0CC1052}.Debug|Any CPU.Build.0 = Debug|Any CPU
		{51A62E58-15FF-4076-8AE6-497FA0CC1052}.Release|Any CPU.ActiveCfg = Release|Any CPU
		{51A62E58-15FF-4076-8AE6-497FA0CC1052}.Release|Any CPU.Build.0 = Release|Any CPU
		{FB2E9F04-A4D2-4AEB-8A6E-100645593C07}.Debug|Any CPU.ActiveCfg = Debug|Any CPU
		{FB2E9F04-A4D2-4AEB-8A6E-100645593C07}.Debug|Any CPU.Build.0 = Debug|Any CPU
		{FB2E9F04-A4D2-4AEB-8A6E-100645593C07}.Release|Any CPU.ActiveCfg = Release|Any CPU
		{FB2E9F04-A4D2-4AEB-8A6E-100645593C07}.Release|Any CPU.Build.0 = Release|Any CPU
		{D714A53D-CD3D-4644-8633-0875FF8CD040}.Debug|Any CPU.ActiveCfg = Debug|Any CPU
		{D714A53D-CD3D-4644-8633-0875FF8CD040}.Debug|Any CPU.Build.0 = Debug|Any CPU
		{D714A53D-CD3D-4644-8633-0875FF8CD040}.Release|Any CPU.ActiveCfg = Debug|Any CPU
		{D714A53D-CD3D-4644-8633-0875FF8CD040}.Release|Any CPU.Build.0 = Debug|Any CPU
	EndGlobalSection
	GlobalSection(SolutionProperties) = preSolution
		HideSolutionNode = FALSE
	EndGlobalSection
	GlobalSection(ExtensibilityGlobals) = postSolution
		SolutionGuid = {CD896995-185E-44B1-88FA-C2622F299385}
	EndGlobalSection
EndGlobal
